
Microsoft Visual Studio Solution File, Format Version 12.00
# Visual Studio Version 16
VisualStudioVersion = 16.0.31112.23
MinimumVisualStudioVersion = 10.0.40219.1
Project("{FAE04EC0-301F-11D3-BF4B-00C04F79EFBC}") = "StaticClasses and Polymorphism", "StaticClasses and Polymorphism\StaticClasses and Polymorphism.csproj", "{B492F4B2-C8CC-4783-8680-803067719006}"
EndProject
Global
	GlobalSection(SolutionConfigurationPlatforms) = preSolution
		Debug|Any CPU = Debug|Any CPU
		Release|Any CPU = Release|Any CPU
	EndGlobalSection
	GlobalSection(ProjectConfigurationPlatforms) = postSolution
		{B492F4B2-C8CC-4783-8680-803067719006}.Debug|Any CPU.ActiveCfg = Debug|Any CPU
		{B492F4B2-C8CC-4783-8680-803067719006}.Debug|Any CPU.Build.0 = Debug|Any CPU
		{B492F4B2-C8CC-4783-8680-803067719006}.Release|Any CPU.ActiveCfg = Release|Any CPU
		{B492F4B2-C8CC-4783-8680-803067719006}.Release|Any CPU.Build.0 = Release|Any CPU
	EndGlobalSection
	GlobalSection(SolutionProperties) = preSolution
		HideSolutionNode = FALSE
	EndGlobalSection
	GlobalSection(ExtensibilityGlobals) = postSolution
		SolutionGuid = {654F6F50-2414-4CB7-8583-8121D148C665}
	EndGlobalSection
EndGlobal
